
Microsoft Visual Studio Solution File, Format Version 12.00
# Visual Studio 15
VisualStudioVersion = 15.0.27703.2026
MinimumVisualStudioVersion = 10.0.40219.1
Project("{FAE04EC0-301F-11D3-BF4B-00C04F79EFBC}") = "FirstApp", "FirstApp\FirstApp.csproj", "{DF82B311-BA9A-40D7-A7B9-7DAF784D0727}"
EndProject
Global
	GlobalSection(SolutionConfigurationPlatforms) = preSolution
		Debug|Any CPU = Debug|Any CPU
		Release|Any CPU = Release|Any CPU
	EndGlobalSection
	GlobalSection(ProjectConfigurationPlatforms) = postSolution
		{DF82B311-BA9A-40D7-A7B9-7DAF784D0727}.Debug|Any CPU.ActiveCfg = Debug|Any CPU
		{DF82B311-BA9A-40D7-A7B9-7DAF784D0727}.Debug|Any CPU.Build.0 = Debug|Any CPU
		{DF82B311-BA9A-40D7-A7B9-7DAF784D0727}.Release|Any CPU.ActiveCfg = Release|Any CPU
		{DF82B311-BA9A-40D7-A7B9-7DAF784D0727}.Release|Any CPU.Build.0 = Release|Any CPU
	EndGlobalSection
	GlobalSection(SolutionProperties) = preSolution
		HideSolutionNode = FALSE
	EndGlobalSection
	GlobalSection(ExtensibilityGlobals) = postSolution
		SolutionGuid = {46D0AFFF-E802-4498-B740-57511822334B}
	EndGlobalSection
EndGlobal
